
Microsoft Visual Studio Solution File, Format Version 12.00
# Visual Studio 2012
Project("{FAE04EC0-301F-11D3-BF4B-00C04F79EFBC}") = "LocalServicesAirlines", "LocalServicesAirlines.csproj", "{FDD9EB61-A2C0-4223-9983-3262B73AFD4E}"
EndProject
Project("{E24C65DC-7377-472B-9ABA-BC803B73C61A}") = "SirviciosDistribuidosAirlines", "http://localhost:14641", "{367B98FA-D3F5-4C52-AD1E-A049D4D966B7}"
	ProjectSection(WebsiteProperties) = preProject
		UseIISExpress = "true"
		TargetFrameworkMoniker = ".NETFramework,Version%3Dv4.5"
		ProjectReferences = "{fdd9eb61-a2c0-4223-9983-3262b73afd4e}|LocalServicesAirlines.dll;"
		Debug.AspNetCompiler.VirtualPath = "/localhost_14641"
		Debug.AspNetCompiler.PhysicalPath = "..\SirviciosDistribuidosAirlines\"
		Debug.AspNetCompiler.TargetPath = "PrecompiledWeb\localhost_14641\"
		Debug.AspNetCompiler.Updateable = "true"
		Debug.AspNetCompiler.ForceOverwrite = "true"
		Debug.AspNetCompiler.FixedNames = "false"
		Debug.AspNetCompiler.Debug = "True"
		Release.AspNetCompiler.VirtualPath = "/localhost_14641"
		Release.AspNetCompiler.PhysicalPath = "..\SirviciosDistribuidosAirlines\"
		Release.AspNetCompiler.TargetPath = "PrecompiledWeb\localhost_14641\"
		Release.AspNetCompiler.Updateable = "true"
		Release.AspNetCompiler.ForceOverwrite = "true"
		Release.AspNetCompiler.FixedNames = "false"
		Release.AspNetCompiler.Debug = "False"
		SlnRelativePath = "..\SirviciosDistribuidosAirlines\"
		DefaultWebSiteLanguage = "Visual C#"
	EndProjectSection
EndProject
Project("{E24C65DC-7377-472B-9ABA-BC803B73C61A}") = "WebSiteAirlines", "http://localhost:14770", "{0379D249-2EA3-4FD1-A715-12CE0CB9D953}"
	ProjectSection(WebsiteProperties) = preProject
		UseIISExpress = "true"
		TargetFrameworkMoniker = ".NETFramework,Version%3Dv4.5"
		Debug.AspNetCompiler.VirtualPath = "/localhost_14770"
		Debug.AspNetCompiler.PhysicalPath = "..\WebSiteAirlines\"
		Debug.AspNetCompiler.TargetPath = "PrecompiledWeb\localhost_14770\"
		Debug.AspNetCompiler.Updateable = "true"
		Debug.AspNetCompiler.ForceOverwrite = "true"
		Debug.AspNetCompiler.FixedNames = "false"
		Debug.AspNetCompiler.Debug = "True"
		Release.AspNetCompiler.VirtualPath = "/localhost_14770"
		Release.AspNetCompiler.PhysicalPath = "..\WebSiteAirlines\"
		Release.AspNetCompiler.TargetPath = "PrecompiledWeb\localhost_14770\"
		Release.AspNetCompiler.Updateable = "true"
		Release.AspNetCompiler.ForceOverwrite = "true"
		Release.AspNetCompiler.FixedNames = "false"
		Release.AspNetCompiler.Debug = "False"
		SlnRelativePath = "..\WebSiteAirlines\"
		DefaultWebSiteLanguage = "Visual C#"
	EndProjectSection
EndProject
Global
	GlobalSection(SolutionConfigurationPlatforms) = preSolution
		Debug|Any CPU = Debug|Any CPU
		Release|Any CPU = Release|Any CPU
	EndGlobalSection
	GlobalSection(ProjectConfigurationPlatforms) = postSolution
		{FDD9EB61-A2C0-4223-9983-3262B73AFD4E}.Debug|Any CPU.ActiveCfg = Debug|Any CPU
		{FDD9EB61-A2C0-4223-9983-3262B73AFD4E}.Debug|Any CPU.Build.0 = Debug|Any CPU
		{FDD9EB61-A2C0-4223-9983-3262B73AFD4E}.Release|Any CPU.ActiveCfg = Release|Any CPU
		{FDD9EB61-A2C0-4223-9983-3262B73AFD4E}.Release|Any CPU.Build.0 = Release|Any CPU
		{367B98FA-D3F5-4C52-AD1E-A049D4D966B7}.Debug|Any CPU.ActiveCfg = Debug|Any CPU
		{367B98FA-D3F5-4C52-AD1E-A049D4D966B7}.Debug|Any CPU.Build.0 = Debug|Any CPU
		{367B98FA-D3F5-4C52-AD1E-A049D4D966B7}.Release|Any CPU.ActiveCfg = Debug|Any CPU
		{367B98FA-D3F5-4C52-AD1E-A049D4D966B7}.Release|Any CPU.Build.0 = Debug|Any CPU
		{0379D249-2EA3-4FD1-A715-12CE0CB9D953}.Debug|Any CPU.ActiveCfg = Debug|Any CPU
		{0379D249-2EA3-4FD1-A715-12CE0CB9D953}.Debug|Any CPU.Build.0 = Debug|Any CPU
		{0379D249-2EA3-4FD1-A715-12CE0CB9D953}.Release|Any CPU.ActiveCfg = Debug|Any CPU
		{0379D249-2EA3-4FD1-A715-12CE0CB9D953}.Release|Any CPU.Build.0 = Debug|Any CPU
	EndGlobalSection
	GlobalSection(SolutionProperties) = preSolution
		HideSolutionNode = FALSE
	EndGlobalSection
EndGlobal
